// !$*UTF8*$!
{
	archiveVersion = 1;
	classes = {
	};
	objectVersion = 50;
	objects = {

/* Begin PBXBuildFile section */
		84E452EB21A4081F001154C8 /* AppDelegate.swift in Sources */ = {isa = PBXBuildFile; fileRef = 84E452EA21A4081F001154C8 /* AppDelegate.swift */; };
		84E452ED21A4081F001154C8 /* ViewController.swift in Sources */ = {isa = PBXBuildFile; fileRef = 84E452EC21A4081F001154C8 /* ViewController.swift */; };
		84E452F021A4081F001154C8 /* Main.storyboard in Resources */ = {isa = PBXBuildFile; fileRef = 84E452EE21A4081F001154C8 /* Main.storyboard */; };
		84E452F221A40821001154C8 /* Assets.xcassets in Resources */ = {isa = PBXBuildFile; fileRef = 84E452F121A40821001154C8 /* Assets.xcassets */; };
		84E452F521A40821001154C8 /* LaunchScreen.storyboard in Resources */ = {isa = PBXBuildFile; fileRef = 84E452F321A40821001154C8 /* LaunchScreen.storyboard */; };
		84E4530021A40821001154C8 /* TapchainexTests.swift in Sources */ = {isa = PBXBuildFile; fileRef = 84E452FF21A40821001154C8 /* TapchainexTests.swift */; };
		84E4530B21A40821001154C8 /* TapchainexUITests.swift in Sources */ = {isa = PBXBuildFile; fileRef = 84E4530A21A40821001154C8 /* TapchainexUITests.swift */; };
/* End PBXBuildFile section */

/* Begin PBXContainerItemProxy section */
		84E452FC21A40821001154C8 /* PBXContainerItemProxy */ = {
			isa = PBXContainerItemProxy;
			containerPortal = 84E452DF21A4081F001154C8 /* Project object */;
			proxyType = 1;
			remoteGlobalIDString = 84E452E621A4081F001154C8;
			remoteInfo = Tapchainex;
		};
		84E4530721A40821001154C8 /* PBXContainerItemProxy */ = {
			isa = PBXContainerItemProxy;
			containerPortal = 84E452DF21A4081F001154C8 /* Project object */;
			proxyType = 1;
			remoteGlobalIDString = 84E452E621A4081F001154C8;
			remoteInfo = Tapchainex;
		};
/* End PBXContainerItemProxy section */

/* Begin PBXFileReference section */
		84E452E721A4081F001154C8 /* Tapchainex.app */ = {isa = PBXFileReference; explicitFileType = wrapper.application; includeInIndex = 0; path = Tapchainex.app; sourceTree = BUILT_PRODUCTS_DIR; };
		84E452EA21A4081F001154C8 /* AppDelegate.swift */ = {isa = PBXFileReference; lastKnownFileType = sourcecode.swift; path = AppDelegate.swift; sourceTree = "<group>"; };
		84E452EC21A4081F001154C8 /* ViewController.swift */ = {isa = PBXFileReference; lastKnownFileType = sourcecode.swift; path = ViewController.swift; sourceTree = "<group>"; };
		84E452EF21A4081F001154C8 /* Base */ = {isa = PBXFileReference; lastKnownFileType = file.storyboard; name = Base; path = Base.lproj/Main.storyboard; sourceTree = "<group>"; };
		84E452F121A40821001154C8 /* Assets.xcassets */ = {isa = PBXFileReference; lastKnownFileType = folder.assetcatalog; path = Assets.xcassets; sourceTree = "<group>"; };
		84E452F421A40821001154C8 /* Base */ = {isa = PBXFileReference; lastKnownFileType = file.storyboard; name = Base; path = Base.lproj/LaunchScreen.storyboard; sourceTree = "<group>"; };
		84E452F621A40821001154C8 /* Info.plist */ = {isa = PBXFileReference; lastKnownFileType = text.plist.xml; path = Info.plist; sourceTree = "<group>"; };
		84E452FB21A40821001154C8 /* TapchainexTests.xctest */ = {isa = PBXFileReference; explicitFileType = wrapper.cfbundle; includeInIndex = 0; path = TapchainexTests.xctest; sourceTree = BUILT_PRODUCTS_DIR; };
		84E452FF21A40821001154C8 /* TapchainexTests.swift */ = {isa = PBXFileReference; lastKnownFileType = sourcecode.swift; path = TapchainexTests.swift; sourceTree = "<group>"; };
		84E4530121A40821001154C8 /* Info.plist */ = {isa = PBXFileReference; lastKnownFileType = text.plist.xml; path = Info.plist; sourceTree = "<group>"; };
		84E4530621A40821001154C8 /* TapchainexUITests.xctest */ = {isa = PBXFileReference; explicitFileType = wrapper.cfbundle; includeInIndex = 0; path = TapchainexUITests.xctest; sourceTree = BUILT_PRODUCTS_DIR; };
		84E4530A21A40821001154C8 /* TapchainexUITests.swift */ = {isa = PBXFileReference; lastKnownFileType = sourcecode.swift; path = TapchainexUITests.swift; sourceTree = "<group>"; };
		84E4530C21A40821001154C8 /* Info.plist */ = {isa = PBXFileReference; lastKnownFileType = text.plist.xml; path = Info.plist; sourceTree = "<group>"; };
/* End PBXFileReference section */

/* Begin PBXFrameworksBuildPhase section */
		84E452E421A4081F001154C8 /* Frameworks */ = {
			isa = PBXFrameworksBuildPhase;
			buildActionMask = 2147483647;
			files = (
			);
			runOnlyForDeploymentPostprocessing = 0;
		};
		84E452F821A40821001154C8 /* Frameworks */ = {
			isa = PBXFrameworksBuildPhase;
			buildActionMask = 2147483647;
			files = (
			);
			runOnlyForDeploymentPostprocessing = 0;
		};
		84E4530321A40821001154C8 /* Frameworks */ = {
			isa = PBXFrameworksBuildPhase;
			buildActionMask = 2147483647;
			files = (
			);
			runOnlyForDeploymentPostprocessing = 0;
		};
/* End PBXFrameworksBuildPhase section */

/* Begin PBXGroup section */
		84E452DE21A4081F001154C8 = {
			isa = PBXGroup;
			children = (
				84E452E921A4081F001154C8 /* Tapchainex */,
				84E452FE21A40821001154C8 /* TapchainexTests */,
				84E4530921A40821001154C8 /* TapchainexUITests */,
				84E452E821A4081F001154C8 /* Products */,
			);
			sourceTree = "<group>";
		};
		84E452E821A4081F001154C8 /* Products */ = {
			isa = PBXGroup;
			children = (
				84E452E721A4081F001154C8 /* Tapchainex.app */,
				84E452FB21A40821001154C8 /* TapchainexTests.xctest */,
				84E4530621A40821001154C8 /* TapchainexUITests.xctest */,
			);
			name = Products;
			sourceTree = "<group>";
		};
		84E452E921A4081F001154C8 /* Tapchainex */ = {
			isa = PBXGroup;
			children = (
				84E452EA21A4081F001154C8 /* AppDelegate.swift */,
				84E452EC21A4081F001154C8 /* ViewController.swift */,
				84E452EE21A4081F001154C8 /* Main.storyboard */,
				84E452F121A40821001154C8 /* Assets.xcassets */,
				84E452F321A40821001154C8 /* LaunchScreen.storyboard */,
				84E452F621A40821001154C8 /* Info.plist */,
			);
			path = Tapchainex;
			sourceTree = "<group>";
		};
		84E452FE21A40821001154C8 /* TapchainexTests */ = {
			isa = PBXGroup;
			children = (
				84E452FF21A40821001154C8 /* TapchainexTests.swift */,
				84E4530121A40821001154C8 /* Info.plist */,
			);
			path = TapchainexTests;
			sourceTree = "<group>";
		};
		84E4530921A40821001154C8 /* TapchainexUITests */ = {
			isa = PBXGroup;
			children = (
				84E4530A21A40821001154C8 /* TapchainexUITests.swift */,
				84E4530C21A40821001154C8 /* Info.plist */,
			);
			path = TapchainexUITests;
			sourceTree = "<group>";
		};
/* End PBXGroup section */

/* Begin PBXNativeTarget section */
		84E452E621A4081F001154C8 /* Tapchainex */ = {
			isa = PBXNativeTarget;
			buildConfigurationList = 84E4530F21A40821001154C8 /* Build configuration list for PBXNativeTarget "Tapchainex" */;
			buildPhases = (
				84E452E321A4081F001154C8 /* Sources */,
				84E452E421A4081F001154C8 /* Frameworks */,
				84E452E521A4081F001154C8 /* Resources */,
			);
			buildRules = (
			);
			dependencies = (
			);
			name = Tapchainex;
			productName = Tapchainex;
			productReference = 84E452E721A4081F001154C8 /* Tapchainex.app */;
			productType = "com.apple.product-type.application";
		};
		84E452FA21A40821001154C8 /* TapchainexTests */ = {
			isa = PBXNativeTarget;
			buildConfigurationList = 84E4531221A40821001154C8 /* Build configuration list for PBXNativeTarget "TapchainexTests" */;
			buildPhases = (
				84E452F721A40821001154C8 /* Sources */,
				84E452F821A40821001154C8 /* Frameworks */,
				84E452F921A40821001154C8 /* Resources */,
			);
			buildRules = (
			);
			dependencies = (
				84E452FD21A40821001154C8 /* PBXTargetDependency */,
			);
			name = TapchainexTests;
			productName = TapchainexTests;
			productReference = 84E452FB21A40821001154C8 /* TapchainexTests.xctest */;
			productType = "com.apple.product-type.bundle.unit-test";
		};
		84E4530521A40821001154C8 /* TapchainexUITests */ = {
			isa = PBXNativeTarget;
			buildConfigurationList = 84E4531521A40821001154C8 /* Build configuration list for PBXNativeTarget "TapchainexUITests" */;
			buildPhases = (
				84E4530221A40821001154C8 /* Sources */,
				84E4530321A40821001154C8 /* Frameworks */,
				84E4530421A40821001154C8 /* Resources */,
			);
			buildRules = (
			);
			dependencies = (
				84E4530821A40821001154C8 /* PBXTargetDependency */,
			);
			name = TapchainexUITests;
			productName = TapchainexUITests;
			productReference = 84E4530621A40821001154C8 /* TapchainexUITests.xctest */;
			productType = "com.apple.product-type.bundle.ui-testing";
		};
/* End PBXNativeTarget section */

/* Begin PBXProject section */
		84E452DF21A4081F001154C8 /* Project object */ = {
			isa = PBXProject;
			attributes = {
				LastSwiftUpdateCheck = 1000;
				LastUpgradeCheck = 1000;
				ORGANIZATIONNAME = admin;
				TargetAttributes = {
					84E452E621A4081F001154C8 = {
						CreatedOnToolsVersion = 10.0;
					};
					84E452FA21A40821001154C8 = {
						CreatedOnToolsVersion = 10.0;
						TestTargetID = 84E452E621A4081F001154C8;
					};
					84E4530521A40821001154C8 = {
						CreatedOnToolsVersion = 10.0;
						TestTargetID = 84E452E621A4081F001154C8;
					};
				};
			};
			buildConfigurationList = 84E452E221A4081F001154C8 /* Build configuration list for PBXProject "Tapchainex" */;
			compatibilityVersion = "Xcode 9.3";
			developmentRegion = en;
			hasScannedForEncodings = 0;
			knownRegions = (
				en,
				Base,
			);
			mainGroup = 84E452DE21A4081F001154C8;
			productRefGroup = 84E452E821A4081F001154C8 /* Products */;
			projectDirPath = "";
			projectRoot = "";
			targets = (
				84E452E621A4081F001154C8 /* Tapchainex */,
				84E452FA21A40821001154C8 /* TapchainexTests */,
				84E4530521A40821001154C8 /* TapchainexUITests */,
			);
		};
/* End PBXProject section */

/* Begin PBXResourcesBuildPhase section */
		84E452E521A4081F001154C8 /* Resources */ = {
			isa = PBXResourcesBuildPhase;
			buildActionMask = 2147483647;
			files = (
				84E452F521A40821001154C8 /* LaunchScreen.storyboard in Resources */,
				84E452F221A40821001154C8 /* Assets.xcassets in Resources */,
				84E452F021A4081F001154C8 /* Main.storyboard in Resources */,
			);
			runOnlyForDeploymentPostprocessing = 0;
		};
		84E452F921A40821001154C8 /* Resources */ = {
			isa = PBXResourcesBuildPhase;
			buildActionMask = 2147483647;
			files = (
			);
			runOnlyForDeploymentPostprocessing = 0;
		};
		84E4530421A40821001154C8 /* Resources */ = {
			isa = PBXResourcesBuildPhase;
			buildActionMask = 2147483647;
			files = (
			);
			runOnlyForDeploymentPostprocessing = 0;
		};
/* End PBXResourcesBuildPhase section */

/* Begin PBXSourcesBuildPhase section */
		84E452E321A4081F001154C8 /* Sources */ = {
			isa = PBXSourcesBuildPhase;
			buildActionMask = 2147483647;
			files = (
				84E452ED21A4081F001154C8 /* ViewController.swift in Sources */,
				84E452EB21A4081F001154C8 /* AppDelegate.swift in Sources */,
			);
			runOnlyForDeploymentPostprocessing = 0;
		};
		84E452F721A40821001154C8 /* Sources */ = {
			isa = PBXSourcesBuildPhase;
			buildActionMask = 2147483647;
			files = (
				84E4530021A40821001154C8 /* TapchainexTests.swift in Sources */,
			);
			runOnlyForDeploymentPostprocessing = 0;
		};
		84E4530221A40821001154C8 /* Sources */ = {
			isa = PBXSourcesBuildPhase;
			buildActionMask = 2147483647;
			files = (
				84E4530B21A40821001154C8 /* TapchainexUITests.swift in Sources */,
			);
			runOnlyForDeploymentPostprocessing = 0;
		};
/* End PBXSourcesBuildPhase section */

/* Begin PBXTargetDependency section */
		84E452FD21A40821001154C8 /* PBXTargetDependency */ = {
			isa = PBXTargetDependency;
			target = 84E452E621A4081F001154C8 /* Tapchainex */;
			targetProxy = 84E452FC21A40821001154C8 /* PBXContainerItemProxy */;
		};
		84E4530821A40821001154C8 /* PBXTargetDependency */ = {
			isa = PBXTargetDependency;
			target = 84E452E621A4081F001154C8 /* Tapchainex */;
			targetProxy = 84E4530721A40821001154C8 /* PBXContainerItemProxy */;
		};
/* End PBXTargetDependency section */

/* Begin PBXVariantGroup section */
		84E452EE21A4081F001154C8 /* Main.storyboard */ = {
			isa = PBXVariantGroup;
			children = (
				84E452EF21A4081F001154C8 /* Base */,
			);
			name = Main.storyboard;
			sourceTree = "<group>";
		};
		84E452F321A40821001154C8 /* LaunchScreen.storyboard */ = {
			isa = PBXVariantGroup;
			children = (
				84E452F421A40821001154C8 /* Base */,
			);
			name = LaunchScreen.storyboard;
			sourceTree = "<group>";
		};
/* End PBXVariantGroup section */

/* Begin XCBuildConfiguration section */
		84E4530D21A40821001154C8 /* Debug */ = {
			isa = XCBuildConfiguration;
			buildSettings = {
				ALWAYS_SEARCH_USER_PATHS = NO;
				CLANG_ANALYZER_NONNULL = YES;
				CLANG_ANALYZER_NUMBER_OBJECT_CONVERSION = YES_AGGRESSIVE;
				CLANG_CXX_LANGUAGE_STANDARD = "gnu++14";
				CLANG_CXX_LIBRARY = "libc++";
				CLANG_ENABLE_MODULES = YES;
				CLANG_ENABLE_OBJC_ARC = YES;
				CLANG_ENABLE_OBJC_WEAK = YES;
				CLANG_WARN_BLOCK_CAPTURE_AUTORELEASING = YES;
				CLANG_WARN_BOOL_CONVERSION = YES;
				CLANG_WARN_COMMA = YES;
				CLANG_WARN_CONSTANT_CONVERSION = YES;
				CLANG_WARN_DEPRECATED_OBJC_IMPLEMENTATIONS = YES;
				CLANG_WARN_DIRECT_OBJC_ISA_USAGE = YES_ERROR;
				CLANG_WARN_DOCUMENTATION_COMMENTS = YES;
				CLANG_WARN_EMPTY_BODY = YES;
				CLANG_WARN_ENUM_CONVERSION = YES;
				CLANG_WARN_INFINITE_RECURSION = YES;
				CLANG_WARN_INT_CONVERSION = YES;
				CLANG_WARN_NON_LITERAL_NULL_CONVERSION = YES;
				CLANG_WARN_OBJC_IMPLICIT_RETAIN_SELF = YES;
				CLANG_WARN_OBJC_LITERAL_CONVERSION = YES;
				CLANG_WARN_OBJC_ROOT_CLASS = YES_ERROR;
				CLANG_WARN_RANGE_LOOP_ANALYSIS = YES;
				CLANG_WARN_STRICT_PROTOTYPES = YES;
				CLANG_WARN_SUSPICIOUS_MOVE = YES;
				CLANG_WARN_UNGUARDED_AVAILABILITY = YES_AGGRESSIVE;
				CLANG_WARN_UNREACHABLE_CODE = YES;
				CLANG_WARN__DUPLICATE_METHOD_MATCH = YES;
				CODE_SIGN_IDENTITY = "iPhone Developer";
				COPY_PHASE_STRIP = NO;
				DEBUG_INFORMATION_FORMAT = dwarf;
				ENABLE_STRICT_OBJC_MSGSEND = YES;
				ENABLE_TESTABILITY = YES;
				GCC_C_LANGUAGE_STANDARD = gnu11;
				GCC_DYNAMIC_NO_PIC = NO;
				GCC_NO_COMMON_BLOCKS = YES;
				GCC_OPTIMIZATION_LEVEL = 0;
				GCC_PREPROCESSOR_DEFINITIONS = (
					"DEBUG=1",
					"$(inherited)",
				);
				GCC_WARN_64_TO_32_BIT_CONVERSION = YES;
				GCC_WARN_ABOUT_RETURN_TYPE = YES_ERROR;
				GCC_WARN_UNDECLARED_SELECTOR = YES;
				GCC_WARN_UNINITIALIZED_AUTOS = YES_AGGRESSIVE;
				GCC_WARN_UNUSED_FUNCTION = YES;
				GCC_WARN_UNUSED_VARIABLE = YES;
				IPHONEOS_DEPLOYMENT_TARGET = 12.0;
				MTL_ENABLE_DEBUG_INFO = INCLUDE_SOURCE;
				MTL_FAST_MATH = YES;
				ONLY_ACTIVE_ARCH = YES;
				SDKROOT = iphoneos;
				SWIFT_ACTIVE_COMPILATION_CONDITIONS = DEBUG;
				SWIFT_OPTIMIZATION_LEVEL = "-Onone";
			};
			name = Debug;
		};
		84E4530E21A40821001154C8 /* Release */ = {
			isa = XCBuildConfiguration;
			buildSettings = {
				ALWAYS_SEARCH_USER_PATHS = NO;
				CLANG_ANALYZER_NONNULL = YES;
				CLANG_ANALYZER_NUMBER_OBJECT_CONVERSION = YES_AGGRESSIVE;
				CLANG_CXX_LANGUAGE_STANDARD = "gnu++14";
				CLANG_CXX_LIBRARY = "libc++";
				CLANG_ENABLE_MODULES = YES;
				CLANG_ENABLE_OBJC_ARC = YES;
				CLANG_ENABLE_OBJC_WEAK = YES;
				CLANG_WARN_BLOCK_CAPTURE_AUTORELEASING = YES;
				CLANG_WARN_BOOL_CONVERSION = YES;
				CLANG_WARN_COMMA = YES;
				CLANG_WARN_CONSTANT_CONVERSION = YES;
				CLANG_WARN_DEPRECATED_OBJC_IMPLEMENTATIONS = YES;
				CLANG_WARN_DIRECT_OBJC_ISA_USAGE = YES_ERROR;
				CLANG_WARN_DOCUMENTATION_COMMENTS = YES;
				CLANG_WARN_EMPTY_BODY = YES;
				CLANG_WARN_ENUM_CONVERSION = YES;
				CLANG_WARN_INFINITE_RECURSION = YES;
				CLANG_WARN_INT_CONVERSION = YES;
				CLANG_WARN_NON_LITERAL_NULL_CONVERSION = YES;
				CLANG_WARN_OBJC_IMPLICIT_RETAIN_SELF = YES;
				CLANG_WARN_OBJC_LITERAL_CONVERSION = YES;
				CLANG_WARN_OBJC_ROOT_CLASS = YES_ERROR;
				CLANG_WARN_RANGE_LOOP_ANALYSIS = YES;
				CLANG_WARN_STRICT_PROTOTYPES = YES;
				CLANG_WARN_SUSPICIOUS_MOVE = YES;
				CLANG_WARN_UNGUARDED_AVAILABILITY = YES_AGGRESSIVE;
				CLANG_WARN_UNREACHABLE_CODE = YES;
				CLANG_WARN__DUPLICATE_METHOD_MATCH = YES;
				CODE_SIGN_IDENTITY = "iPhone Developer";
				COPY_PHASE_STRIP = NO;
				DEBUG_INFORMATION_FORMAT = "dwarf-with-dsym";
				ENABLE_NS_ASSERTIONS = NO;
				ENABLE_STRICT_OBJC_MSGSEND = YES;
				GCC_C_LANGUAGE_STANDARD = gnu11;
				GCC_NO_COMMON_BLOCKS = YES;
				GCC_WARN_64_TO_32_BIT_CONVERSION = YES;
				GCC_WARN_ABOUT_RETURN_TYPE = YES_ERROR;
				GCC_WARN_UNDECLARED_SELECTOR = YES;
				GCC_WARN_UNINITIALIZED_AUTOS = YES_AGGRESSIVE;
				GCC_WARN_UNUSED_FUNCTION = YES;
				GCC_WARN_UNUSED_VARIABLE = YES;
				IPHONEOS_DEPLOYMENT_TARGET = 12.0;
				MTL_ENABLE_DEBUG_INFO = NO;
				MTL_FAST_MATH = YES;
				SDKROOT = iphoneos;
				SWIFT_COMPILATION_MODE = wholemodule;
				SWIFT_OPTIMIZATION_LEVEL = "-O";
				VALIDATE_PRODUCT = YES;
			};
			name = Release;
		};
		84E4531021A40821001154C8 /* Debug */ = {
			isa = XCBuildConfiguration;
			buildSettings = {
				ASSETCATALOG_COMPILER_APPICON_NAME = AppIcon;
				CODE_SIGN_STYLE = Automatic;
				DEVELOPMENT_TEAM = G8S6X8B5D2;
				INFOPLIST_FILE = Tapchainex/Info.plist;
				LD_RUNPATH_SEARCH_PATHS = (
					"$(inherited)",
					"@executable_path/Frameworks",
				);
				PRODUCT_BUNDLE_IDENTIFIER = monitoring.Tapchainex;
				PRODUCT_NAME = "$(TARGET_NAME)";
				SWIFT_VERSION = 4.2;
				TARGETED_DEVICE_FAMILY = "1,2";
			};
			name = Debug;
		};
		84E4531121A40821001154C8 /* Release */ = {
			isa = XCBuildConfiguration;
			buildSettings = {
				ASSETCATALOG_COMPILER_APPICON_NAME = AppIcon;
				CODE_SIGN_STYLE = Automatic;
				DEVELOPMENT_TEAM = G8S6X8B5D2;
				INFOPLIST_FILE = Tapchainex/Info.plist;
				LD_RUNPATH_SEARCH_PATHS = (
					"$(inherited)",
					"@executable_path/Frameworks",
				);
				PRODUCT_BUNDLE_IDENTIFIER = monitoring.Tapchainex;
				PRODUCT_NAME = "$(TARGET_NAME)";
				SWIFT_VERSION = 4.2;
				TARGETED_DEVICE_FAMILY = "1,2";
			};
			name = Release;
		};
		84E4531321A40821001154C8 /* Debug */ = {
			isa = XCBuildConfiguration;
			buildSettings = {
				ALWAYS_EMBED_SWIFT_STANDARD_LIBRARIES = YES;
				BUNDLE_LOADER = "$(TEST_HOST)";
				CODE_SIGN_STYLE = Automatic;
				DEVELOPMENT_TEAM = G8S6X8B5D2;
				INFOPLIST_FILE = TapchainexTests/Info.plist;
				LD_RUNPATH_SEARCH_PATHS = (
					"$(inherited)",
					"@executable_path/Frameworks",
					"@loader_path/Frameworks",
				);
				PRODUCT_BUNDLE_IDENTIFIER = monitoring.TapchainexTests;
				PRODUCT_NAME = "$(TARGET_NAME)";
				SWIFT_VERSION = 4.2;
				TARGETED_DEVICE_FAMILY = "1,2";
				TEST_HOST = "$(BUILT_PRODUCTS_DIR)/Tapchainex.app/Tapchainex";
			};
			name = Debug;
		};
		84E4531421A40821001154C8 /* Release */ = {
			isa = XCBuildConfiguration;
			buildSettings = {
				ALWAYS_EMBED_SWIFT_STANDARD_LIBRARIES = YES;
				BUNDLE_LOADER = "$(TEST_HOST)";
				CODE_SIGN_STYLE = Automatic;
				DEVELOPMENT_TEAM = G8S6X8B5D2;
				INFOPLIST_FILE = TapchainexTests/Info.plist;
				LD_RUNPATH_SEARCH_PATHS = (
					"$(inherited)",
					"@executable_path/Frameworks",
					"@loader_path/Frameworks",
				);
				PRODUCT_BUNDLE_IDENTIFIER = monitoring.TapchainexTests;
				PRODUCT_NAME = "$(TARGET_NAME)";
				SWIFT_VERSION = 4.2;
				TARGETED_DEVICE_FAMILY = "1,2";
				TEST_HOST = "$(BUILT_PRODUCTS_DIR)/Tapchainex.app/Tapchainex";
			};
			name = Release;
		};
		84E4531621A40821001154C8 /* Debug */ = {
			isa = XCBuildConfiguration;
			buildSettings = {
				ALWAYS_EMBED_SWIFT_STANDARD_LIBRARIES = YES;
				CODE_SIGN_STYLE = Automatic;
				DEVELOPMENT_TEAM = G8S6X8B5D2;
				INFOPLIST_FILE = TapchainexUITests/Info.plist;
				LD_RUNPATH_SEARCH_PATHS = (
					"$(inherited)",
					"@executable_path/Frameworks",
					"@loader_path/Frameworks",
				);
				PRODUCT_BUNDLE_IDENTIFIER = monitoring.TapchainexUITests;
				PRODUCT_NAME = "$(TARGET_NAME)";
				SWIFT_VERSION = 4.2;
				TARGETED_DEVICE_FAMILY = "1,2";
				TEST_TARGET_NAME = Tapchainex;
			};
			name = Debug;
		};
		84E4531721A40821001154C8 /* Release */ = {
			isa = XCBuildConfiguration;
			buildSettings = {
				ALWAYS_EMBED_SWIFT_STANDARD_LIBRARIES = YES;
				CODE_SIGN_STYLE = Automatic;
				DEVELOPMENT_TEAM = G8S6X8B5D2;
				INFOPLIST_FILE = TapchainexUITests/Info.plist;
				LD_RUNPATH_SEARCH_PATHS = (
					"$(inherited)",
					"@executable_path/Frameworks",
					"@loader_path/Frameworks",
				);
				PRODUCT_BUNDLE_IDENTIFIER = monitoring.TapchainexUITests;
				PRODUCT_NAME = "$(TARGET_NAME)";
				SWIFT_VERSION = 4.2;
				TARGETED_DEVICE_FAMILY = "1,2";
				TEST_TARGET_NAME = Tapchainex;
			};
			name = Release;
		};
/* End XCBuildConfiguration section */

/* Begin XCConfigurationList section */
		84E452E221A4081F001154C8 /* Build configuration list for PBXProject "Tapchainex" */ = {
			isa = XCConfigurationList;
			buildConfigurations = (
				84E4530D21A40821001154C8 /* Debug */,
				84E4530E21A40821001154C8 /* Release */,
			);
			defaultConfigurationIsVisible = 0;
			defaultConfigurationName = Release;
		};
		84E4530F21A40821001154C8 /* Build configuration list for PBXNativeTarget "Tapchainex" */ = {
			isa = XCConfigurationList;
			buildConfigurations = (
				84E4531021A40821001154C8 /* Debug */,
				84E4531121A40821001154C8 /* Release */,
			);
			defaultConfigurationIsVisible = 0;
			defaultConfigurationName = Release;
		};
		84E4531221A40821001154C8 /* Build configuration list for PBXNativeTarget "TapchainexTests" */ = {
			isa = XCConfigurationList;
			buildConfigurations = (
				84E4531321A40821001154C8 /* Debug */,
				84E4531421A40821001154C8 /* Release */,
			);
			defaultConfigurationIsVisible = 0;
			defaultConfigurationName = Release;
		};
		84E4531521A40821001154C8 /* Build configuration list for PBXNativeTarget "TapchainexUITests" */ = {
			isa = XCConfigurationList;
			buildConfigurations = (
				84E4531621A40821001154C8 /* Debug */,
				84E4531721A40821001154C8 /* Release */,
			);
			defaultConfigurationIsVisible = 0;
			defaultConfigurationName = Release;
		};
/* End XCConfigurationList section */
	};
	rootObject = 84E452DF21A4081F001154C8 /* Project object */;
}
